{
  "name": "sequentially-generate-planet-mbtiles",
  "version": "2.0.0",
  "lockfileVersion": 2,
  "requires": true,
  "packages": {
    "": {
      "name": "sequentially-generate-planet-mbtiles",
      "version": "2.0.0",
      "license": "ISC",
      "bin": {
        "sequentially-generate-planet-mbtiles": "main.js"
      }
    }
  }
}
